# @generated by Move, please check-in and do not edit manually.

[move]
version = 3
manifest_digest = "5394BF92C7D7BE772E5AD13B61CA112AA3702559BF737C5F19190D996F737B18"
deps_digest = "F8BBB0CCB2491CA29A3DF03D6F92277A4F3574266507ACD77214D37ECA3F3082"
dependencies = [
  { id = "Sui", name = "Sui" },
]

[[move.package]]
id = "MoveStdlib"
source = { git = "https://github.com/MystenLabs/sui.git", rev = "main", subdir = "crates/sui-framework/packages/move-stdlib" }

[[move.package]]
id = "Sui"
source = { git = "https://github.com/MystenLabs/sui.git", rev = "main", subdir = "crates/sui-framework/packages/sui-framework" }

dependencies = [
  { id = "MoveStdlib", name = "MoveStdlib" },
]

[move.toolchain-version]
compiler-version = "1.61.2"
edition = "2024"
flavor = "sui"

[env]

[env.testnet]
chain-id = "4c78adac"
original-published-id = "0xd17e391665609b356bcf8a7e0d22cbbd2a22a5a39a17e2cbf73cf30cef6d64fe"
latest-published-id = "0xd17e391665609b356bcf8a7e0d22cbbd2a22a5a39a17e2cbf73cf30cef6d64fe"
published-version = "1"
